
Microsoft Visual Studio Solution File, Format Version 12.00
# Visual Studio 15
Project("{FAE04EC0-301F-11D3-BF4B-00C04F79EFBC}") = "Assembly-CSharp", "Assembly-CSharp.csproj", "{3DC7B15A-539D-8661-3513-CC5B27CEAD1C}"
EndProject
Project("{FAE04EC0-301F-11D3-BF4B-00C04F79EFBC}") = "Assembly-CSharp-Editor", "Assembly-CSharp-Editor.csproj", "{5D6C58E6-4AF6-1F29-62A2-04030A5227AB}"
EndProject
Global
	GlobalSection(SolutionConfigurationPlatforms) = preSolution
		Debug|Any CPU = Debug|Any CPU
		Release|Any CPU = Release|Any CPU
	EndGlobalSection
	GlobalSection(ProjectConfigurationPlatforms) = postSolution
		{3DC7B15A-539D-8661-3513-CC5B27CEAD1C}.Debug|Any CPU.ActiveCfg = Debug|Any CPU
		{3DC7B15A-539D-8661-3513-CC5B27CEAD1C}.Debug|Any CPU.Build.0 = Debug|Any CPU
		{3DC7B15A-539D-8661-3513-CC5B27CEAD1C}.Release|Any CPU.ActiveCfg = Release|Any CPU
		{3DC7B15A-539D-8661-3513-CC5B27CEAD1C}.Release|Any CPU.Build.0 = Release|Any CPU
		{5D6C58E6-4AF6-1F29-62A2-04030A5227AB}.Debug|Any CPU.ActiveCfg = Debug|Any CPU
		{5D6C58E6-4AF6-1F29-62A2-04030A5227AB}.Debug|Any CPU.Build.0 = Debug|Any CPU
		{5D6C58E6-4AF6-1F29-62A2-04030A5227AB}.Release|Any CPU.ActiveCfg = Release|Any CPU
		{5D6C58E6-4AF6-1F29-62A2-04030A5227AB}.Release|Any CPU.Build.0 = Release|Any CPU
	EndGlobalSection
	GlobalSection(SolutionProperties) = preSolution
		HideSolutionNode = FALSE
	EndGlobalSection
EndGlobal
